
Microsoft Visual Studio Solution File, Format Version 12.00
# Visual Studio Version 17
VisualStudioVersion = 17.1.32328.378
MinimumVisualStudioVersion = 10.0.40219.1
Project("{9A19103F-16F7-4668-BE54-9A1E7A4F7556}") = "Timesheet angular", "Timesheet angular\Timesheet angular.csproj", "{EB403D1E-8D86-41C1-9DB6-8B36D030709E}"
EndProject
Project("{9A19103F-16F7-4668-BE54-9A1E7A4F7556}") = "API", "API\API.csproj", "{E6A5A938-9398-447D-B306-A1A846B03A55}"
EndProject
Global
	GlobalSection(SolutionConfigurationPlatforms) = preSolution
		Debug|Any CPU = Debug|Any CPU
		Release|Any CPU = Release|Any CPU
	EndGlobalSection
	GlobalSection(ProjectConfigurationPlatforms) = postSolution
		{EB403D1E-8D86-41C1-9DB6-8B36D030709E}.Debug|Any CPU.ActiveCfg = Debug|Any CPU
		{EB403D1E-8D86-41C1-9DB6-8B36D030709E}.Debug|Any CPU.Build.0 = Debug|Any CPU
		{EB403D1E-8D86-41C1-9DB6-8B36D030709E}.Release|Any CPU.ActiveCfg = Release|Any CPU
		{EB403D1E-8D86-41C1-9DB6-8B36D030709E}.Release|Any CPU.Build.0 = Release|Any CPU
		{E6A5A938-9398-447D-B306-A1A846B03A55}.Debug|Any CPU.ActiveCfg = Debug|Any CPU
		{E6A5A938-9398-447D-B306-A1A846B03A55}.Debug|Any CPU.Build.0 = Debug|Any CPU
		{E6A5A938-9398-447D-B306-A1A846B03A55}.Release|Any CPU.ActiveCfg = Release|Any CPU
		{E6A5A938-9398-447D-B306-A1A846B03A55}.Release|Any CPU.Build.0 = Release|Any CPU
	EndGlobalSection
	GlobalSection(SolutionProperties) = preSolution
		HideSolutionNode = FALSE
	EndGlobalSection
	GlobalSection(ExtensibilityGlobals) = postSolution
		SolutionGuid = {4CA05C83-C5D2-421D-9C7F-C81C557EBF09}
	EndGlobalSection
EndGlobal
